
Microsoft Visual Studio Solution File, Format Version 12.00
# Visual Studio Version 17
VisualStudioVersion = 17.14.36518.9
MinimumVisualStudioVersion = 10.0.40219.1
Project("{FAE04EC0-301F-11D3-BF4B-00C04F79EFBC}") = "FoxLauncher-server", "FoxLauncher-server\FoxLauncher-server.csproj", "{A0029EDE-B1BB-45CB-9FDF-926E7B6E7808}"
EndProject
Project("{FAE04EC0-301F-11D3-BF4B-00C04F79EFBC}") = "JWT Generator", "JWT Generator\JWT Generator.csproj", "{C2491C3A-FA52-F287-C1ED-5762F9CA5DCF}"
EndProject
Global
	GlobalSection(SolutionConfigurationPlatforms) = preSolution
		Debug|Any CPU = Debug|Any CPU
		Release|Any CPU = Release|Any CPU
	EndGlobalSection
	GlobalSection(ProjectConfigurationPlatforms) = postSolution
		{A0029EDE-B1BB-45CB-9FDF-926E7B6E7808}.Debug|Any CPU.ActiveCfg = Debug|Any CPU
		{A0029EDE-B1BB-45CB-9FDF-926E7B6E7808}.Debug|Any CPU.Build.0 = Debug|Any CPU
		{A0029EDE-B1BB-45CB-9FDF-926E7B6E7808}.Release|Any CPU.ActiveCfg = Release|Any CPU
		{A0029EDE-B1BB-45CB-9FDF-926E7B6E7808}.Release|Any CPU.Build.0 = Release|Any CPU
		{C2491C3A-FA52-F287-C1ED-5762F9CA5DCF}.Debug|Any CPU.ActiveCfg = Debug|Any CPU
		{C2491C3A-FA52-F287-C1ED-5762F9CA5DCF}.Debug|Any CPU.Build.0 = Debug|Any CPU
		{C2491C3A-FA52-F287-C1ED-5762F9CA5DCF}.Release|Any CPU.ActiveCfg = Release|Any CPU
		{C2491C3A-FA52-F287-C1ED-5762F9CA5DCF}.Release|Any CPU.Build.0 = Release|Any CPU
	EndGlobalSection
	GlobalSection(SolutionProperties) = preSolution
		HideSolutionNode = FALSE
	EndGlobalSection
	GlobalSection(ExtensibilityGlobals) = postSolution
		SolutionGuid = {090231A3-D033-4EC3-8E0C-7D0262D47B28}
	EndGlobalSection
EndGlobal
